
Microsoft Visual Studio Solution File, Format Version 12.00
# Visual Studio Version 17
VisualStudioVersion = 17.4.33213.308
MinimumVisualStudioVersion = 10.0.40219.1
Project("{FAE04EC0-301F-11D3-BF4B-00C04F79EFBC}") = "WpfApp2", "WpfApp2\WpfApp2.csproj", "{CBB7C3BE-5E07-4419-87D7-55B84E447D32}"
EndProject
Global
	GlobalSection(SolutionConfigurationPlatforms) = preSolution
		Debug|Any CPU = Debug|Any CPU
		Release|Any CPU = Release|Any CPU
	EndGlobalSection
	GlobalSection(ProjectConfigurationPlatforms) = postSolution
		{CBB7C3BE-5E07-4419-87D7-55B84E447D32}.Debug|Any CPU.ActiveCfg = Debug|Any CPU
		{CBB7C3BE-5E07-4419-87D7-55B84E447D32}.Debug|Any CPU.Build.0 = Debug|Any CPU
		{CBB7C3BE-5E07-4419-87D7-55B84E447D32}.Release|Any CPU.ActiveCfg = Release|Any CPU
		{CBB7C3BE-5E07-4419-87D7-55B84E447D32}.Release|Any CPU.Build.0 = Release|Any CPU
	EndGlobalSection
	GlobalSection(SolutionProperties) = preSolution
		HideSolutionNode = FALSE
	EndGlobalSection
	GlobalSection(ExtensibilityGlobals) = postSolution
		SolutionGuid = {7241C9BB-8469-49B1-8354-1499C3D017B9}
	EndGlobalSection
EndGlobal
